<?xml version="1.0" encoding="utf-8"?>
<Project ToolsVersion="4.0" xmlns="http://schemas.microsoft.com/developer/msbuild/2003">
  <ItemGroup>
    <Filter Include="Source Files">
      <UniqueIdentifier>{4FC737F1-C7A5-4376-A066-2A32D752A2FF}</UniqueIdentifier>
      <Extensions>qml;cpp;c;cc;cxx;def;odl;idl;hpj;bat;asm;asmx</Extensions>
    </Filter>
    <Filter Include="Header Files">
      <UniqueIdentifier>{93995380-89BD-4b04-88EB-625FBE52EBFB}</UniqueIdentifier>
      <Extensions>h;hh;hpp;hxx;hm;inl;inc;xsd</Extensions>
    </Filter>
    <Filter Include="Resource Files">
      <UniqueIdentifier>{67DA6AB6-F800-4c08-8B7A-83BB121AAD01}</UniqueIdentifier>
      <Extensions>qrc;rc;ico;cur;bmp;dlg;rc2;rct;bin;rgs;gif;jpg;jpeg;jpe;resx;tiff;tif;png;wav;mfcribbon-ms</Extensions>
    </Filter>
    <Filter Include="Form Files">
      <UniqueIdentifier>{99349809-55BA-4b9d-BF79-8FDBB0286EB3}</UniqueIdentifier>
      <Extensions>ui</Extensions>
    </Filter>
    <Filter Include="Translation Files">
      <UniqueIdentifier>{639EADAA-A684-42e4-A9AD-28FC9BCB8F7C}</UniqueIdentifier>
      <Extensions>ts</Extensions>
    </Filter>
    <Filter Include="Source Files\MapManageer">
      <UniqueIdentifier>{c9d3c5dc-88aa-41d9-aaef-c3e35e6ebcaa}</UniqueIdentifier>
    </Filter>
  </ItemGroup>
  <ItemGroup>
    <QtRcc Include="QtWidgetsApplication2.qrc">
      <Filter>Resource Files</Filter>
    </QtRcc>
    <QtUic Include="QtWidgetsApplication2.ui">
      <Filter>Form Files</Filter>
    </QtUic>
    <QtRcc Include="resources.qrc">
      <Filter>Resource Files</Filter>
    </QtRcc>
  </ItemGroup>
  <ItemGroup>
    <ClCompile Include="main.cpp">
      <Filter>Source Files</Filter>
    </ClCompile>
    <ClCompile Include="MapManagee\QtWidgetsApplication2.cpp">
      <Filter>Source Files</Filter>
    </ClCompile>
    <ClCompile Include="FindAlgorithmWindow.cpp">
      <Filter>Source Files</Filter>
    </ClCompile>
    <ClCompile Include="VehicleManager\FindPath.cpp">
      <Filter>Source Files</Filter>
    </ClCompile>
    <ClCompile Include="VehicleManager\air\air.cpp">
      <Filter>Source Files</Filter>
    </ClCompile>
    <ClCompile Include="VehicleManager\land\land.cpp">
      <Filter>Source Files</Filter>
    </ClCompile>
    <ClCompile Include="VehicleManager\sea\sea.cpp">
      <Filter>Source Files</Filter>
    </ClCompile>
    <ClCompile Include="visualizationManager\visualization.cpp">
      <Filter>Source Files</Filter>
    </ClCompile>
    <ClCompile Include="ThreadManager\threadManager.cpp">
      <Filter>Source Files</Filter>
    </ClCompile>
    <ClCompile Include="VehicleManager\vehicle\vehicle.cpp">
      <Filter>Source Files</Filter>
    </ClCompile>
    <ClCompile Include="VehicleManager\enemies\Enemy.cpp">
      <Filter>Source Files</Filter>
    </ClCompile>
    <ClCompile Include="EnemyManager\EnemyManager.cpp">
      <Filter>Source Files</Filter>
    </ClCompile>
    <ClCompile Include="VehicleSelectionDialogManager\VehicleSelectionDialog.cpp">
      <Filter>Source Files</Filter>
    </ClCompile>
  </ItemGroup>
  <ItemGroup>
    <ClInclude Include="definitions.h">
      <Filter>Header Files</Filter>
    </ClInclude>
    <ClInclude Include="VehicleManager\FindPath.h">
      <Filter>Header Files</Filter>
    </ClInclude>
    <ClInclude Include="VehicleManager\air\air.h">
      <Filter>Header Files</Filter>
    </ClInclude>
    <ClInclude Include="VehicleManager\land\land.h">
      <Filter>Header Files</Filter>
    </ClInclude>
    <ClInclude Include="VehicleManager\sea\sea.h">
      <Filter>Header Files</Filter>
    </ClInclude>
    <ClInclude Include="visualizationManager\visualization.h">
      <Filter>Header Files</Filter>
    </ClInclude>
    <ClInclude Include="definitions\definitions.h">
      <Filter>Header Files</Filter>
    </ClInclude>
    <ClInclude Include="VehicleManager\vehicle\vehicle.h">
      <Filter>Header Files</Filter>
    </ClInclude>
    <ClInclude Include="VehicleManager\enemies\Enemy.h">
      <Filter>Header Files</Filter>
    </ClInclude>
    <ClInclude Include="EnemyManager\EnemyManager.h">
      <Filter>Header Files</Filter>
    </ClInclude>
  </ItemGroup>
  <ItemGroup>
    <Object Include="x64\Debug\definitions.obj" />
  </ItemGroup>
  <ItemGroup>
    <Text Include="x64\Debug\QtWidgetsApplication2.Build.CppClean.log" />
    <Text Include="x64\Debug\QtWidgetsApplication2.log" />
    <Text Include="x64\Debug\QtWidgetsApplication2.vcxproj.FileListAbsolute.txt" />
  </ItemGroup>
  <ItemGroup>
    <None Include="x64\Debug\QtWidgetsApplication2.exe.recipe" />
    <None Include="x64\Debug\vc143.idb" />
    <None Include="x64\Debug\vc143.pdb" />
  </ItemGroup>
  <ItemGroup>
    <QtMoc Include="MapManagee\QtWidgetsApplication2.h">
      <Filter>Header Files</Filter>
    </QtMoc>
    <QtMoc Include="FindAlgorithmWindow.h">
      <Filter>Header Files</Filter>
    </QtMoc>
    <QtMoc Include="ThreadManager\threadManager.h">
      <Filter>Header Files</Filter>
    </QtMoc>
    <QtMoc Include="VehicleSelectionDialogManager\VehicleSelectionDialog.h">
      <Filter>Header Files</Filter>
    </QtMoc>
  </ItemGroup>
  <ItemGroup>
    <Image Include="icons\plane.png">
      <Filter>Resource Files</Filter>
    </Image>
    <Image Include="icons\ship.png">
      <Filter>Resource Files</Filter>
    </Image>
    <Image Include="icons\tank.png">
      <Filter>Resource Files</Filter>
    </Image>
  </ItemGroup>
</Project>